{
	"name": "@liskhq/lisk-db",
	"version": "0.1.0",
	"lockfileVersion": 1,
	"requires": true,
	"dependencies": {
		"@types/debug": {
			"version": "4.1.2",
			"resolved": "https://registry.npmjs.org/@types/debug/-/debug-4.1.2.tgz",
			"integrity": "sha512-jkf6UiWUjcOqdQbatbvOm54/YbCdjt3JjiAzT/9KS2XtMmOkYHdKsI5u8fulhbuTUuiqNBfa6J5GSDiwjK+zLA=="
		}
	}
}
