{
	"name": "@liskhq/lisk-cryptography",
	"version": "2.1.0-alpha.1",
	"lockfileVersion": 1,
	"requires": true,
	"dependencies": {
		"ini": {
			"version": "1.3.5",
			"resolved": "https://registry.npmjs.org/ini/-/ini-1.3.5.tgz",
			"integrity": "sha512-RZY5huIKCMRWDUqZlEi72f/lmXKMvuszcMBduliQ3nnWbx9X/ZBQO7DijMEYS9EhHBb2qacRUMtC7svLwe0lcw==",
			"dev": true
		},
		"nan": {
			"version": "2.11.1",
			"resolved": "https://registry.npmjs.org/nan/-/nan-2.11.1.tgz",
			"integrity": "sha512-iji6k87OSXa0CcrLl9z+ZiYSuR2o+c0bGuNmXdrhTQTakxytAFsC56SArGYoiHlJlFoHSnvmhpceZJaXkVuOtA==",
			"dev": true
		},
		"node-gyp-build": {
			"version": "3.5.0",
			"resolved": "https://registry.npmjs.org/node-gyp-build/-/node-gyp-build-3.5.0.tgz",
			"integrity": "sha512-qjEE8eIWVyqZhkAFUzytGpOGvLHeX5kXBB6MYyTOCPZBrBlsLyXAAzTsp/hWMbVlg8kVpzDJCZZowIrnKpwmqQ==",
			"dev": true
		},
		"sodium-native": {
			"version": "2.2.1",
			"resolved": "https://registry.npmjs.org/sodium-native/-/sodium-native-2.2.1.tgz",
			"integrity": "sha512-3CfftYV2ATXQFMIkLOvcNUk/Ma+lran0855j5Z/HEjUkSTzjLZi16CK362udOoNVrwn/TwGV8bKEt5OylsFrQA==",
			"dev": true,
			"requires": {
				"ini": "^1.3.5",
				"nan": "^2.4.0",
				"node-gyp-build": "^3.0.0"
			}
		}
	}
}
