{
	"name": "@liskhq/lisk-client",
	"version": "3.0.1",
	"lockfileVersion": 1,
	"requires": true,
	"dependencies": {
		"@babel/code-frame": {
			"version": "7.5.5",
			"resolved": "https://registry.npmjs.org/@babel/code-frame/-/code-frame-7.5.5.tgz",
			"integrity": "sha512-27d4lZoomVyo51VegxI20xZPuSHusqbQag/ztrBC7wegWoQ1nLREPVSKSW8byhTlzTKyNE4ifaTA6lCp7JjpFw==",
			"dev": true,
			"requires": {
				"@babel/highlight": "^7.0.0"
			}
		},
		"@babel/highlight": {
			"version": "7.5.0",
			"resolved": "https://registry.npmjs.org/@babel/highlight/-/highlight-7.5.0.tgz",
			"integrity": "sha512-7dV4eu9gBxoM0dAnj/BCFDW9LFU0zvTrkq0ugM7pnHEgguOEeOz1so2ZghEdzviYzQEED0r4EAgpsBChKy1TRQ==",
			"dev": true,
			"requires": {
				"chalk": "^2.0.0",
				"esutils": "^2.0.2",
				"js-tokens": "^4.0.0"
			}
		},
		"@jest/console": {
			"version": "24.9.0",
			"resolved": "https://registry.npmjs.org/@jest%2fconsole/-/console-24.9.0.tgz",
			"integrity": "sha512-Zuj6b8TnKXi3q4ymac8EQfc3ea/uhLeCGThFqXeC8H9/raaH8ARPUTdId+XyGd03Z4In0/VjD2OYFcBF09fNLQ==",
			"dev": true,
			"requires": {
				"@jest/source-map": "^24.9.0",
				"chalk": "^2.0.1",
				"slash": "^2.0.0"
			}
		},
		"@jest/source-map": {
			"version": "24.9.0",
			"resolved": "https://registry.npmjs.org/@jest%2fsource-map/-/source-map-24.9.0.tgz",
			"integrity": "sha512-/Xw7xGlsZb4MJzNDgB7PW5crou5JqWiBQaz6xyPd3ArOg2nfn/PunV8+olXbbEZzNl591o5rWKE9BRDaFAuIBg==",
			"dev": true,
			"requires": {
				"callsites": "^3.0.0",
				"graceful-fs": "^4.1.15",
				"source-map": "^0.6.0"
			},
			"dependencies": {
				"source-map": {
					"version": "0.6.1",
					"resolved": "https://registry.npmjs.org/source-map/-/source-map-0.6.1.tgz",
					"integrity": "sha512-UjgapumWlbMhkBgzT7Ykc5YXUT46F0iKu8SGXq0bcwP5dz/h0Plj6enJqjz1Zbq2l5WaqYnrVbwWOWMyF3F47g==",
					"dev": true
				}
			}
		},
		"@jest/test-result": {
			"version": "24.9.0",
			"resolved": "https://registry.npmjs.org/@jest%2ftest-result/-/test-result-24.9.0.tgz",
			"integrity": "sha512-XEFrHbBonBJ8dGp2JmF8kP/nQI/ImPpygKHwQ/SY+es59Z3L5PI4Qb9TQQMAEeYsThG1xF0k6tmG0tIKATNiiA==",
			"dev": true,
			"requires": {
				"@jest/console": "^24.9.0",
				"@jest/types": "^24.9.0",
				"@types/istanbul-lib-coverage": "^2.0.0"
			}
		},
		"@jest/types": {
			"version": "24.9.0",
			"resolved": "https://registry.npmjs.org/@jest%2ftypes/-/types-24.9.0.tgz",
			"integrity": "sha512-XKK7ze1apu5JWQ5eZjHITP66AX+QsLlbaJRBGYr8pNzwcAE2JVkwnf0yqjHTsDRcjR0mujy/NmZMXw5kl+kGBw==",
			"dev": true,
			"requires": {
				"@types/istanbul-lib-coverage": "^2.0.0",
				"@types/istanbul-reports": "^1.1.1",
				"@types/yargs": "^13.0.0"
			}
		},
		"@types/istanbul-lib-coverage": {
			"version": "2.0.1",
			"resolved": "https://registry.npmjs.org/@types%2fistanbul-lib-coverage/-/istanbul-lib-coverage-2.0.1.tgz",
			"integrity": "sha512-hRJD2ahnnpLgsj6KWMYSrmXkM3rm2Dl1qkx6IOFD5FnuNPXJIG5L0dhgKXCYTRMGzU4n0wImQ/xfmRc4POUFlg==",
			"dev": true
		},
		"@types/istanbul-lib-report": {
			"version": "1.1.1",
			"resolved": "https://registry.npmjs.org/@types%2fistanbul-lib-report/-/istanbul-lib-report-1.1.1.tgz",
			"integrity": "sha512-3BUTyMzbZa2DtDI2BkERNC6jJw2Mr2Y0oGI7mRxYNBPxppbtEK1F66u3bKwU2g+wxwWI7PAoRpJnOY1grJqzHg==",
			"dev": true,
			"requires": {
				"@types/istanbul-lib-coverage": "*"
			}
		},
		"@types/istanbul-reports": {
			"version": "1.1.1",
			"resolved": "https://registry.npmjs.org/@types%2fistanbul-reports/-/istanbul-reports-1.1.1.tgz",
			"integrity": "sha512-UpYjBi8xefVChsCoBpKShdxTllC9pwISirfoZsUa2AAdQg/Jd2KQGtSbw+ya7GPo7x/wAPlH6JBhKhAsXUEZNA==",
			"dev": true,
			"requires": {
				"@types/istanbul-lib-coverage": "*",
				"@types/istanbul-lib-report": "*"
			}
		},
		"@types/jest": {
			"version": "24.9.0",
			"resolved": "https://registry.npmjs.org/@types/jest/-/jest-24.9.0.tgz",
			"integrity": "sha512-dXvuABY9nM1xgsXlOtLQXJKdacxZJd7AtvLsKZ/0b57ruMXDKCOXAC/M75GbllQX6o1pcZ5hAG4JzYy7Z/wM2w==",
			"dev": true,
			"requires": {
				"jest-diff": "^24.3.0"
			}
		},
		"@types/jest-when": {
			"version": "2.7.0",
			"resolved": "https://registry.npmjs.org/@types/jest-when/-/jest-when-2.7.0.tgz",
			"integrity": "sha512-oahwfICJSaEmmtyN7JeOg6P7ey+GKigzk26zdKLxYLewmr2F3WeDPo/U+kVpIxPuZG3EiVFdRy97q9N9DoEkSg==",
			"dev": true,
			"requires": {
				"@types/jest": "*"
			}
		},
		"@types/stack-utils": {
			"version": "1.0.1",
			"resolved": "https://registry.npmjs.org/@types%2fstack-utils/-/stack-utils-1.0.1.tgz",
			"integrity": "sha512-l42BggppR6zLmpfU6fq9HEa2oGPEI8yrSPL3GITjfRInppYFahObbIQOQK3UGxEnyQpltZLaPe75046NOZQikw==",
			"dev": true
		},
		"@types/yargs": {
			"version": "13.0.5",
			"resolved": "https://registry.npmjs.org/@types%2fyargs/-/yargs-13.0.5.tgz",
			"integrity": "sha512-CF/+sxTO7FOwbIRL4wMv0ZYLCRfMid2HQpzDRyViH7kSpfoAFiMdGqKIxb1PxWfjtQXQhnQuD33lvRHNwr809Q==",
			"dev": true,
			"requires": {
				"@types/yargs-parser": "*"
			}
		},
		"@types/yargs-parser": {
			"version": "15.0.0",
			"resolved": "https://registry.npmjs.org/@types%2fyargs-parser/-/yargs-parser-15.0.0.tgz",
			"integrity": "sha512-FA/BWv8t8ZWJ+gEOnLLd8ygxH/2UFbAvgEonyfN6yWGLKc7zVjbpl2Y4CTjid9h2RfgPP6SEt6uHwEOply00yw==",
			"dev": true
		},
		"arr-diff": {
			"version": "4.0.0",
			"resolved": "https://registry.npmjs.org/arr-diff/-/arr-diff-4.0.0.tgz",
			"integrity": "sha1-1kYQdP6/7HHn4VI1dhoyml3HxSA=",
			"dev": true
		},
		"arr-flatten": {
			"version": "1.1.0",
			"resolved": "https://registry.npmjs.org/arr-flatten/-/arr-flatten-1.1.0.tgz",
			"integrity": "sha512-L3hKV5R/p5o81R7O02IGnwpDmkp6E982XhtbuwSe3O4qOtMMMtodicASA1Cny2U+aCXcNpml+m4dPsvsJ3jatg==",
			"dev": true
		},
		"arr-union": {
			"version": "3.1.0",
			"resolved": "https://registry.npmjs.org/arr-union/-/arr-union-3.1.0.tgz",
			"integrity": "sha1-45sJrqne+Gao8gbiiK9jkZuuOcQ=",
			"dev": true
		},
		"array-unique": {
			"version": "0.3.2",
			"resolved": "https://registry.npmjs.org/array-unique/-/array-unique-0.3.2.tgz",
			"integrity": "sha1-qJS3XUvE9s1nnvMkSp/Y9Gri1Cg=",
			"dev": true
		},
		"assign-symbols": {
			"version": "1.0.0",
			"resolved": "https://registry.npmjs.org/assign-symbols/-/assign-symbols-1.0.0.tgz",
			"integrity": "sha1-WWZ/QfrdTyDMvCu5a41Pf3jsA2c=",
			"dev": true
		},
		"atob": {
			"version": "2.1.2",
			"resolved": "https://registry.npmjs.org/atob/-/atob-2.1.2.tgz",
			"integrity": "sha512-Wm6ukoaOGJi/73p/cl2GvLjTI5JM1k/O14isD73YML8StrH/7/lRFgmg8nICZgD3bZZvjwCGxtMOD3wWNAu8cg==",
			"dev": true
		},
		"base": {
			"version": "0.11.2",
			"resolved": "https://registry.npmjs.org/base/-/base-0.11.2.tgz",
			"integrity": "sha512-5T6P4xPgpp0YDFvSWwEZ4NoE3aM4QBQXDzmVbraCkFj8zHM+mba8SyqB5DbZWyR7mYHo6Y7BdQo3MoA4m0TeQg==",
			"dev": true,
			"requires": {
				"cache-base": "^1.0.1",
				"class-utils": "^0.3.5",
				"component-emitter": "^1.2.1",
				"define-property": "^1.0.0",
				"isobject": "^3.0.1",
				"mixin-deep": "^1.2.0",
				"pascalcase": "^0.1.1"
			},
			"dependencies": {
				"define-property": {
					"version": "1.0.0",
					"resolved": "https://registry.npmjs.org/define-property/-/define-property-1.0.0.tgz",
					"integrity": "sha1-dp66rz9KY6rTr56NMEybvnm/sOY=",
					"dev": true,
					"requires": {
						"is-descriptor": "^1.0.0"
					}
				},
				"is-accessor-descriptor": {
					"version": "1.0.0",
					"resolved": "https://registry.npmjs.org/is-accessor-descriptor/-/is-accessor-descriptor-1.0.0.tgz",
					"integrity": "sha512-m5hnHTkcVsPfqx3AKlyttIPb7J+XykHvJP2B9bZDjlhLIoEq4XoK64Vg7boZlVWYK6LUY94dYPEE7Lh0ZkZKcQ==",
					"dev": true,
					"requires": {
						"kind-of": "^6.0.0"
					}
				},
				"is-data-descriptor": {
					"version": "1.0.0",
					"resolved": "https://registry.npmjs.org/is-data-descriptor/-/is-data-descriptor-1.0.0.tgz",
					"integrity": "sha512-jbRXy1FmtAoCjQkVmIVYwuuqDFUbaOeDjmed1tOGPrsMhtJA4rD9tkgA0F1qJ3gRFRXcHYVkdeaP50Q5rE/jLQ==",
					"dev": true,
					"requires": {
						"kind-of": "^6.0.0"
					}
				},
				"is-descriptor": {
					"version": "1.0.2",
					"resolved": "https://registry.npmjs.org/is-descriptor/-/is-descriptor-1.0.2.tgz",
					"integrity": "sha512-2eis5WqQGV7peooDyLmNEPUrps9+SXX5c9pL3xEB+4e9HnGuDa7mB7kHxHw4CbqS9k1T2hOH3miL8n8WtiYVtg==",
					"dev": true,
					"requires": {
						"is-accessor-descriptor": "^1.0.0",
						"is-data-descriptor": "^1.0.0",
						"kind-of": "^6.0.2"
					}
				}
			}
		},
		"braces": {
			"version": "2.3.2",
			"resolved": "https://registry.npmjs.org/braces/-/braces-2.3.2.tgz",
			"integrity": "sha512-aNdbnj9P8PjdXU4ybaWLK2IF3jc/EoDYbC7AazW6to3TRsfXxscC9UXOB5iDiEQrkyIbWp2SLQda4+QAa7nc3w==",
			"dev": true,
			"requires": {
				"arr-flatten": "^1.1.0",
				"array-unique": "^0.3.2",
				"extend-shallow": "^2.0.1",
				"fill-range": "^4.0.0",
				"isobject": "^3.0.1",
				"repeat-element": "^1.1.2",
				"snapdragon": "^0.8.1",
				"snapdragon-node": "^2.0.1",
				"split-string": "^3.0.2",
				"to-regex": "^3.0.1"
			},
			"dependencies": {
				"extend-shallow": {
					"version": "2.0.1",
					"resolved": "https://registry.npmjs.org/extend-shallow/-/extend-shallow-2.0.1.tgz",
					"integrity": "sha1-Ua99YUrZqfYQ6huvu5idaxxWiQ8=",
					"dev": true,
					"requires": {
						"is-extendable": "^0.1.0"
					}
				}
			}
		},
		"cache-base": {
			"version": "1.0.1",
			"resolved": "https://registry.npmjs.org/cache-base/-/cache-base-1.0.1.tgz",
			"integrity": "sha512-AKcdTnFSWATd5/GCPRxr2ChwIJ85CeyrEyjRHlKxQ56d4XJMGym0uAiKn0xbLOGOl3+yRpOTi484dVCEc5AUzQ==",
			"dev": true,
			"requires": {
				"collection-visit": "^1.0.0",
				"component-emitter": "^1.2.1",
				"get-value": "^2.0.6",
				"has-value": "^1.0.0",
				"isobject": "^3.0.1",
				"set-value": "^2.0.0",
				"to-object-path": "^0.3.0",
				"union-value": "^1.0.0",
				"unset-value": "^1.0.0"
			}
		},
		"callsites": {
			"version": "3.1.0",
			"resolved": "https://registry.npmjs.org/callsites/-/callsites-3.1.0.tgz",
			"integrity": "sha512-P8BjAsXvZS+VIDUI11hHCQEv74YT67YUi5JJFNWIqL235sBmjX4+qx9Muvls5ivyNENctx46xQLQ3aTuE7ssaQ==",
			"dev": true
		},
		"chalk": {
			"version": "2.4.2",
			"resolved": "https://registry.npmjs.org/chalk/-/chalk-2.4.2.tgz",
			"integrity": "sha512-Mti+f9lpJNcwF4tWV8/OrTTtF1gZi+f8FqlyAdouralcFWFQWF2+NgCHShjkCb+IFBLq9buZwE1xckQU4peSuQ==",
			"dev": true,
			"requires": {
				"ansi-styles": "^3.2.1",
				"escape-string-regexp": "^1.0.5",
				"supports-color": "^5.3.0"
			},
			"dependencies": {
				"ansi-styles": {
					"version": "3.2.1",
					"resolved": "https://registry.npmjs.org/ansi-styles/-/ansi-styles-3.2.1.tgz",
					"integrity": "sha512-VT0ZI6kZRdTh8YyJw3SMbYm/u+NqfsAxEpWO0Pf9sq8/e94WxxOpPKx9FR1FlyCtOVDNOQ+8ntlqFxiRc+r5qA==",
					"dev": true,
					"requires": {
						"color-convert": "^1.9.0"
					}
				}
			}
		},
		"class-utils": {
			"version": "0.3.6",
			"resolved": "https://registry.npmjs.org/class-utils/-/class-utils-0.3.6.tgz",
			"integrity": "sha512-qOhPa/Fj7s6TY8H8esGu5QNpMMQxz79h+urzrNYN6mn+9BnxlDGf5QZ+XeCDsxSjPqsSR56XOZOJmpeurnLMeg==",
			"dev": true,
			"requires": {
				"arr-union": "^3.1.0",
				"define-property": "^0.2.5",
				"isobject": "^3.0.0",
				"static-extend": "^0.1.1"
			},
			"dependencies": {
				"define-property": {
					"version": "0.2.5",
					"resolved": "https://registry.npmjs.org/define-property/-/define-property-0.2.5.tgz",
					"integrity": "sha1-w1se+RjsPJkPmlvFe+BKrOxcgRY=",
					"dev": true,
					"requires": {
						"is-descriptor": "^0.1.0"
					}
				}
			}
		},
		"collection-visit": {
			"version": "1.0.0",
			"resolved": "https://registry.npmjs.org/collection-visit/-/collection-visit-1.0.0.tgz",
			"integrity": "sha1-S8A3PBZLwykbTTaMgpzxqApZ3KA=",
			"dev": true,
			"requires": {
				"map-visit": "^1.0.0",
				"object-visit": "^1.0.0"
			}
		},
		"color-convert": {
			"version": "1.9.3",
			"resolved": "https://registry.npmjs.org/color-convert/-/color-convert-1.9.3.tgz",
			"integrity": "sha512-QfAUtd+vFdAtFQcC8CCyYt1fYWxSqAiK2cSD6zDB8N3cpsEBAvRxp9zOGg6G/SHHJYAT88/az/IuDGALsNVbGg==",
			"dev": true,
			"requires": {
				"color-name": "1.1.3"
			}
		},
		"color-name": {
			"version": "1.1.3",
			"resolved": "https://registry.npmjs.org/color-name/-/color-name-1.1.3.tgz",
			"integrity": "sha1-p9BVi9icQveV3UIyj3QIMcpTvCU=",
			"dev": true
		},
		"component-emitter": {
			"version": "1.3.0",
			"resolved": "https://registry.npmjs.org/component-emitter/-/component-emitter-1.3.0.tgz",
			"integrity": "sha512-Rd3se6QB+sO1TwqZjscQrurpEPIfO0/yYnSin6Q/rD3mOutHvUrCAhJub3r90uNb+SESBuE0QYoB90YdfatsRg==",
			"dev": true
		},
		"copy-descriptor": {
			"version": "0.1.1",
			"resolved": "https://registry.npmjs.org/copy-descriptor/-/copy-descriptor-0.1.1.tgz",
			"integrity": "sha1-Z29us8OZl8LuGsOpJP1hJHSPV40=",
			"dev": true
		},
		"decode-uri-component": {
			"version": "0.2.0",
			"resolved": "https://registry.npmjs.org/decode-uri-component/-/decode-uri-component-0.2.0.tgz",
			"integrity": "sha1-6zkTMzRYd1y4TNGh+uBiEGu4dUU=",
			"dev": true
		},
		"define-property": {
			"version": "2.0.2",
			"resolved": "https://registry.npmjs.org/define-property/-/define-property-2.0.2.tgz",
			"integrity": "sha512-jwK2UV4cnPpbcG7+VRARKTZPUWowwXA8bzH5NP6ud0oeAxyYPuGZUAC7hMugpCdz4BeSZl2Dl9k66CHJ/46ZYQ==",
			"dev": true,
			"requires": {
				"is-descriptor": "^1.0.2",
				"isobject": "^3.0.1"
			},
			"dependencies": {
				"is-accessor-descriptor": {
					"version": "1.0.0",
					"resolved": "https://registry.npmjs.org/is-accessor-descriptor/-/is-accessor-descriptor-1.0.0.tgz",
					"integrity": "sha512-m5hnHTkcVsPfqx3AKlyttIPb7J+XykHvJP2B9bZDjlhLIoEq4XoK64Vg7boZlVWYK6LUY94dYPEE7Lh0ZkZKcQ==",
					"dev": true,
					"requires": {
						"kind-of": "^6.0.0"
					}
				},
				"is-data-descriptor": {
					"version": "1.0.0",
					"resolved": "https://registry.npmjs.org/is-data-descriptor/-/is-data-descriptor-1.0.0.tgz",
					"integrity": "sha512-jbRXy1FmtAoCjQkVmIVYwuuqDFUbaOeDjmed1tOGPrsMhtJA4rD9tkgA0F1qJ3gRFRXcHYVkdeaP50Q5rE/jLQ==",
					"dev": true,
					"requires": {
						"kind-of": "^6.0.0"
					}
				},
				"is-descriptor": {
					"version": "1.0.2",
					"resolved": "https://registry.npmjs.org/is-descriptor/-/is-descriptor-1.0.2.tgz",
					"integrity": "sha512-2eis5WqQGV7peooDyLmNEPUrps9+SXX5c9pL3xEB+4e9HnGuDa7mB7kHxHw4CbqS9k1T2hOH3miL8n8WtiYVtg==",
					"dev": true,
					"requires": {
						"is-accessor-descriptor": "^1.0.0",
						"is-data-descriptor": "^1.0.0",
						"kind-of": "^6.0.2"
					}
				}
			}
		},
		"diff-sequences": {
			"version": "24.9.0",
			"resolved": "https://registry.npmjs.org/diff-sequences/-/diff-sequences-24.9.0.tgz",
			"integrity": "sha512-Dj6Wk3tWyTE+Fo1rW8v0Xhwk80um6yFYKbuAxc9c3EZxIHFDYwbi34Uk42u1CdnIiVorvt4RmlSDjIPyzGC2ew==",
			"dev": true
		},
		"escape-string-regexp": {
			"version": "1.0.5",
			"resolved": "https://registry.npmjs.org/escape-string-regexp/-/escape-string-regexp-1.0.5.tgz",
			"integrity": "sha1-G2HAViGQqN/2rjuyzwIAyhMLhtQ=",
			"dev": true
		},
		"esutils": {
			"version": "2.0.3",
			"resolved": "https://registry.npmjs.org/esutils/-/esutils-2.0.3.tgz",
			"integrity": "sha512-kVscqXk4OCp68SZ0dkgEKVi6/8ij300KBWTJq32P/dYeWTSwK41WyTxalN1eRmA5Z9UU/LX9D7FWSmV9SAYx6g==",
			"dev": true
		},
		"expand-brackets": {
			"version": "2.1.4",
			"resolved": "https://registry.npmjs.org/expand-brackets/-/expand-brackets-2.1.4.tgz",
			"integrity": "sha1-t3c14xXOMPa27/D4OwQVGiJEliI=",
			"dev": true,
			"requires": {
				"debug": "^2.3.3",
				"define-property": "^0.2.5",
				"extend-shallow": "^2.0.1",
				"posix-character-classes": "^0.1.0",
				"regex-not": "^1.0.0",
				"snapdragon": "^0.8.1",
				"to-regex": "^3.0.1"
			},
			"dependencies": {
				"debug": {
					"version": "2.6.9",
					"resolved": "https://registry.npmjs.org/debug/-/debug-2.6.9.tgz",
					"integrity": "sha512-bC7ElrdJaJnPbAP+1EotYvqZsb3ecl5wi6Bfi6BJTUcNowp6cvspg0jXznRTKDjm/E7AdgFBVeAPVMNcKGsHMA==",
					"dev": true,
					"requires": {
						"ms": "2.0.0"
					}
				},
				"define-property": {
					"version": "0.2.5",
					"resolved": "https://registry.npmjs.org/define-property/-/define-property-0.2.5.tgz",
					"integrity": "sha1-w1se+RjsPJkPmlvFe+BKrOxcgRY=",
					"dev": true,
					"requires": {
						"is-descriptor": "^0.1.0"
					}
				},
				"extend-shallow": {
					"version": "2.0.1",
					"resolved": "https://registry.npmjs.org/extend-shallow/-/extend-shallow-2.0.1.tgz",
					"integrity": "sha1-Ua99YUrZqfYQ6huvu5idaxxWiQ8=",
					"dev": true,
					"requires": {
						"is-extendable": "^0.1.0"
					}
				},
				"ms": {
					"version": "2.0.0",
					"resolved": "https://registry.npmjs.org/ms/-/ms-2.0.0.tgz",
					"integrity": "sha1-VgiurfwAvmwpAd9fmGF4jeDVl8g=",
					"dev": true
				}
			}
		},
		"expect": {
			"version": "24.9.0",
			"resolved": "https://registry.npmjs.org/expect/-/expect-24.9.0.tgz",
			"integrity": "sha512-wvVAx8XIol3Z5m9zvZXiyZOQ+sRJqNTIm6sGjdWlaZIeupQGO3WbYI+15D/AmEwZywL6wtJkbAbJtzkOfBuR0Q==",
			"dev": true,
			"requires": {
				"@jest/types": "^24.9.0",
				"ansi-styles": "^3.2.0",
				"jest-get-type": "^24.9.0",
				"jest-matcher-utils": "^24.9.0",
				"jest-message-util": "^24.9.0",
				"jest-regex-util": "^24.9.0"
			},
			"dependencies": {
				"ansi-styles": {
					"version": "3.2.1",
					"resolved": "https://registry.npmjs.org/ansi-styles/-/ansi-styles-3.2.1.tgz",
					"integrity": "sha512-VT0ZI6kZRdTh8YyJw3SMbYm/u+NqfsAxEpWO0Pf9sq8/e94WxxOpPKx9FR1FlyCtOVDNOQ+8ntlqFxiRc+r5qA==",
					"dev": true,
					"requires": {
						"color-convert": "^1.9.0"
					}
				}
			}
		},
		"extend-shallow": {
			"version": "3.0.2",
			"resolved": "https://registry.npmjs.org/extend-shallow/-/extend-shallow-3.0.2.tgz",
			"integrity": "sha1-Jqcarwc7OfshJxcnRhMcJwQCjbg=",
			"dev": true,
			"requires": {
				"assign-symbols": "^1.0.0",
				"is-extendable": "^1.0.1"
			},
			"dependencies": {
				"is-extendable": {
					"version": "1.0.1",
					"resolved": "https://registry.npmjs.org/is-extendable/-/is-extendable-1.0.1.tgz",
					"integrity": "sha512-arnXMxT1hhoKo9k1LZdmlNyJdDDfy2v0fXjFlmok4+i8ul/6WlbVge9bhM74OpNPQPMGUToDtz+KXa1PneJxOA==",
					"dev": true,
					"requires": {
						"is-plain-object": "^2.0.4"
					}
				}
			}
		},
		"extglob": {
			"version": "2.0.4",
			"resolved": "https://registry.npmjs.org/extglob/-/extglob-2.0.4.tgz",
			"integrity": "sha512-Nmb6QXkELsuBr24CJSkilo6UHHgbekK5UiZgfE6UHD3Eb27YC6oD+bhcT+tJ6cl8dmsgdQxnWlcry8ksBIBLpw==",
			"dev": true,
			"requires": {
				"array-unique": "^0.3.2",
				"define-property": "^1.0.0",
				"expand-brackets": "^2.1.4",
				"extend-shallow": "^2.0.1",
				"fragment-cache": "^0.2.1",
				"regex-not": "^1.0.0",
				"snapdragon": "^0.8.1",
				"to-regex": "^3.0.1"
			},
			"dependencies": {
				"define-property": {
					"version": "1.0.0",
					"resolved": "https://registry.npmjs.org/define-property/-/define-property-1.0.0.tgz",
					"integrity": "sha1-dp66rz9KY6rTr56NMEybvnm/sOY=",
					"dev": true,
					"requires": {
						"is-descriptor": "^1.0.0"
					}
				},
				"extend-shallow": {
					"version": "2.0.1",
					"resolved": "https://registry.npmjs.org/extend-shallow/-/extend-shallow-2.0.1.tgz",
					"integrity": "sha1-Ua99YUrZqfYQ6huvu5idaxxWiQ8=",
					"dev": true,
					"requires": {
						"is-extendable": "^0.1.0"
					}
				},
				"is-accessor-descriptor": {
					"version": "1.0.0",
					"resolved": "https://registry.npmjs.org/is-accessor-descriptor/-/is-accessor-descriptor-1.0.0.tgz",
					"integrity": "sha512-m5hnHTkcVsPfqx3AKlyttIPb7J+XykHvJP2B9bZDjlhLIoEq4XoK64Vg7boZlVWYK6LUY94dYPEE7Lh0ZkZKcQ==",
					"dev": true,
					"requires": {
						"kind-of": "^6.0.0"
					}
				},
				"is-data-descriptor": {
					"version": "1.0.0",
					"resolved": "https://registry.npmjs.org/is-data-descriptor/-/is-data-descriptor-1.0.0.tgz",
					"integrity": "sha512-jbRXy1FmtAoCjQkVmIVYwuuqDFUbaOeDjmed1tOGPrsMhtJA4rD9tkgA0F1qJ3gRFRXcHYVkdeaP50Q5rE/jLQ==",
					"dev": true,
					"requires": {
						"kind-of": "^6.0.0"
					}
				},
				"is-descriptor": {
					"version": "1.0.2",
					"resolved": "https://registry.npmjs.org/is-descriptor/-/is-descriptor-1.0.2.tgz",
					"integrity": "sha512-2eis5WqQGV7peooDyLmNEPUrps9+SXX5c9pL3xEB+4e9HnGuDa7mB7kHxHw4CbqS9k1T2hOH3miL8n8WtiYVtg==",
					"dev": true,
					"requires": {
						"is-accessor-descriptor": "^1.0.0",
						"is-data-descriptor": "^1.0.0",
						"kind-of": "^6.0.2"
					}
				}
			}
		},
		"fill-range": {
			"version": "4.0.0",
			"resolved": "https://registry.npmjs.org/fill-range/-/fill-range-4.0.0.tgz",
			"integrity": "sha1-1USBHUKPmOsGpj3EAtJAPDKMOPc=",
			"dev": true,
			"requires": {
				"extend-shallow": "^2.0.1",
				"is-number": "^3.0.0",
				"repeat-string": "^1.6.1",
				"to-regex-range": "^2.1.0"
			},
			"dependencies": {
				"extend-shallow": {
					"version": "2.0.1",
					"resolved": "https://registry.npmjs.org/extend-shallow/-/extend-shallow-2.0.1.tgz",
					"integrity": "sha1-Ua99YUrZqfYQ6huvu5idaxxWiQ8=",
					"dev": true,
					"requires": {
						"is-extendable": "^0.1.0"
					}
				}
			}
		},
		"for-in": {
			"version": "1.0.2",
			"resolved": "https://registry.npmjs.org/for-in/-/for-in-1.0.2.tgz",
			"integrity": "sha1-gQaNKVqBQuwKxybG4iAMMPttXoA=",
			"dev": true
		},
		"fragment-cache": {
			"version": "0.2.1",
			"resolved": "https://registry.npmjs.org/fragment-cache/-/fragment-cache-0.2.1.tgz",
			"integrity": "sha1-QpD60n8T6Jvn8zeZxrxaCr//DRk=",
			"dev": true,
			"requires": {
				"map-cache": "^0.2.2"
			}
		},
		"get-value": {
			"version": "2.0.6",
			"resolved": "https://registry.npmjs.org/get-value/-/get-value-2.0.6.tgz",
			"integrity": "sha1-3BXKHGcjh8p2vTesCjlbogQqLCg=",
			"dev": true
		},
		"graceful-fs": {
			"version": "4.2.3",
			"resolved": "https://registry.npmjs.org/graceful-fs/-/graceful-fs-4.2.3.tgz",
			"integrity": "sha512-a30VEBm4PEdx1dRB7MFK7BejejvCvBronbLjht+sHuGYj8PHs7M/5Z+rt5lw551vZ7yfTCj4Vuyy3mSJytDWRQ==",
			"dev": true
		},
		"has-flag": {
			"version": "3.0.0",
			"resolved": "https://registry.npmjs.org/has-flag/-/has-flag-3.0.0.tgz",
			"integrity": "sha1-tdRU3CGZriJWmfNGfloH87lVuv0=",
			"dev": true
		},
		"has-value": {
			"version": "1.0.0",
			"resolved": "https://registry.npmjs.org/has-value/-/has-value-1.0.0.tgz",
			"integrity": "sha1-GLKB2lhbHFxR3vJMkw7SmgvmsXc=",
			"dev": true,
			"requires": {
				"get-value": "^2.0.6",
				"has-values": "^1.0.0",
				"isobject": "^3.0.0"
			}
		},
		"has-values": {
			"version": "1.0.0",
			"resolved": "https://registry.npmjs.org/has-values/-/has-values-1.0.0.tgz",
			"integrity": "sha1-lbC2P+whRmGab+V/51Yo1aOe/k8=",
			"dev": true,
			"requires": {
				"is-number": "^3.0.0",
				"kind-of": "^4.0.0"
			},
			"dependencies": {
				"kind-of": {
					"version": "4.0.0",
					"resolved": "https://registry.npmjs.org/kind-of/-/kind-of-4.0.0.tgz",
					"integrity": "sha1-IIE989cSkosgc3hpGkUGb65y3Vc=",
					"dev": true,
					"requires": {
						"is-buffer": "^1.1.5"
					}
				}
			}
		},
		"is-accessor-descriptor": {
			"version": "0.1.6",
			"resolved": "https://registry.npmjs.org/is-accessor-descriptor/-/is-accessor-descriptor-0.1.6.tgz",
			"integrity": "sha1-qeEss66Nh2cn7u84Q/igiXtcmNY=",
			"dev": true,
			"requires": {
				"kind-of": "^3.0.2"
			},
			"dependencies": {
				"kind-of": {
					"version": "3.2.2",
					"resolved": "https://registry.npmjs.org/kind-of/-/kind-of-3.2.2.tgz",
					"integrity": "sha1-MeohpzS6ubuw8yRm2JOupR5KPGQ=",
					"dev": true,
					"requires": {
						"is-buffer": "^1.1.5"
					}
				}
			}
		},
		"is-buffer": {
			"version": "1.1.6",
			"resolved": "https://registry.npmjs.org/is-buffer/-/is-buffer-1.1.6.tgz",
			"integrity": "sha512-NcdALwpXkTm5Zvvbk7owOUSvVvBKDgKP5/ewfXEznmQFfs4ZRmanOeKBTjRVjka3QFoN6XJ+9F3USqfHqTaU5w==",
			"dev": true
		},
		"is-data-descriptor": {
			"version": "0.1.4",
			"resolved": "https://registry.npmjs.org/is-data-descriptor/-/is-data-descriptor-0.1.4.tgz",
			"integrity": "sha1-C17mSDiOLIYCgueT8YVv7D8wG1Y=",
			"dev": true,
			"requires": {
				"kind-of": "^3.0.2"
			},
			"dependencies": {
				"kind-of": {
					"version": "3.2.2",
					"resolved": "https://registry.npmjs.org/kind-of/-/kind-of-3.2.2.tgz",
					"integrity": "sha1-MeohpzS6ubuw8yRm2JOupR5KPGQ=",
					"dev": true,
					"requires": {
						"is-buffer": "^1.1.5"
					}
				}
			}
		},
		"is-descriptor": {
			"version": "0.1.6",
			"resolved": "https://registry.npmjs.org/is-descriptor/-/is-descriptor-0.1.6.tgz",
			"integrity": "sha512-avDYr0SB3DwO9zsMov0gKCESFYqCnE4hq/4z3TdUlukEy5t9C0YRq7HLrsN52NAcqXKaepeCD0n+B0arnVG3Hg==",
			"dev": true,
			"requires": {
				"is-accessor-descriptor": "^0.1.6",
				"is-data-descriptor": "^0.1.4",
				"kind-of": "^5.0.0"
			},
			"dependencies": {
				"kind-of": {
					"version": "5.1.0",
					"resolved": "https://registry.npmjs.org/kind-of/-/kind-of-5.1.0.tgz",
					"integrity": "sha512-NGEErnH6F2vUuXDh+OlbcKW7/wOcfdRHaZ7VWtqCztfHri/++YKmP51OdWeGPuqCOba6kk2OTe5d02VmTB80Pw==",
					"dev": true
				}
			}
		},
		"is-extendable": {
			"version": "0.1.1",
			"resolved": "https://registry.npmjs.org/is-extendable/-/is-extendable-0.1.1.tgz",
			"integrity": "sha1-YrEQ4omkcUGOPsNqYX1HLjAd/Ik=",
			"dev": true
		},
		"is-number": {
			"version": "3.0.0",
			"resolved": "https://registry.npmjs.org/is-number/-/is-number-3.0.0.tgz",
			"integrity": "sha1-JP1iAaR4LPUFYcgQJ2r8fRLXEZU=",
			"dev": true,
			"requires": {
				"kind-of": "^3.0.2"
			},
			"dependencies": {
				"kind-of": {
					"version": "3.2.2",
					"resolved": "https://registry.npmjs.org/kind-of/-/kind-of-3.2.2.tgz",
					"integrity": "sha1-MeohpzS6ubuw8yRm2JOupR5KPGQ=",
					"dev": true,
					"requires": {
						"is-buffer": "^1.1.5"
					}
				}
			}
		},
		"is-plain-object": {
			"version": "2.0.4",
			"resolved": "https://registry.npmjs.org/is-plain-object/-/is-plain-object-2.0.4.tgz",
			"integrity": "sha512-h5PpgXkWitc38BBMYawTYMWJHFZJVnBquFE57xFpjB8pJFiF6gZ+bU+WyI/yqXiFR5mdLsgYNaPe8uao6Uv9Og==",
			"dev": true,
			"requires": {
				"isobject": "^3.0.1"
			}
		},
		"is-windows": {
			"version": "1.0.2",
			"resolved": "https://registry.npmjs.org/is-windows/-/is-windows-1.0.2.tgz",
			"integrity": "sha512-eXK1UInq2bPmjyX6e3VHIzMLobc4J94i4AWn+Hpq3OU5KkrRC96OAcR3PRJ/pGu6m8TRnBHP9dkXQVsT/COVIA==",
			"dev": true
		},
		"isarray": {
			"version": "1.0.0",
			"resolved": "https://registry.npmjs.org/isarray/-/isarray-1.0.0.tgz",
			"integrity": "sha1-u5NdSFgsuhaMBoNJV6VKPgcSTxE=",
			"dev": true
		},
		"isobject": {
			"version": "3.0.1",
			"resolved": "https://registry.npmjs.org/isobject/-/isobject-3.0.1.tgz",
			"integrity": "sha1-TkMekrEalzFjaqH5yNHMvP2reN8=",
			"dev": true
		},
		"jest-diff": {
			"version": "24.9.0",
			"resolved": "https://registry.npmjs.org/jest-diff/-/jest-diff-24.9.0.tgz",
			"integrity": "sha512-qMfrTs8AdJE2iqrTp0hzh7kTd2PQWrsFyj9tORoKmu32xjPjeE4NyjVRDz8ybYwqS2ik8N4hsIpiVTyFeo2lBQ==",
			"dev": true,
			"requires": {
				"chalk": "^2.0.1",
				"diff-sequences": "^24.9.0",
				"jest-get-type": "^24.9.0",
				"pretty-format": "^24.9.0"
			}
		},
		"jest-extended": {
			"version": "0.11.2",
			"resolved": "https://registry.npmjs.org/jest-extended/-/jest-extended-0.11.2.tgz",
			"integrity": "sha512-gwNMXrAPN0IY5L7VXWfSlC2aGo0KHIsGGcW+lTHYpedt5SJksEvBgMxs29iNikiNOz+cqAZY1s/+kYK0jlj4Jw==",
			"dev": true,
			"requires": {
				"expect": "^24.1.0",
				"jest-get-type": "^22.4.3",
				"jest-matcher-utils": "^22.0.0"
			},
			"dependencies": {
				"ansi-regex": {
					"version": "3.0.0",
					"resolved": "https://registry.npmjs.org/ansi-regex/-/ansi-regex-3.0.0.tgz",
					"integrity": "sha1-7QMXwyIGT3lGbAKWa922Bas32Zg=",
					"dev": true
				},
				"ansi-styles": {
					"version": "3.2.1",
					"resolved": "https://registry.npmjs.org/ansi-styles/-/ansi-styles-3.2.1.tgz",
					"integrity": "sha512-VT0ZI6kZRdTh8YyJw3SMbYm/u+NqfsAxEpWO0Pf9sq8/e94WxxOpPKx9FR1FlyCtOVDNOQ+8ntlqFxiRc+r5qA==",
					"dev": true,
					"requires": {
						"color-convert": "^1.9.0"
					}
				},
				"jest-get-type": {
					"version": "22.4.3",
					"resolved": "https://registry.npmjs.org/jest-get-type/-/jest-get-type-22.4.3.tgz",
					"integrity": "sha512-/jsz0Y+V29w1chdXVygEKSz2nBoHoYqNShPe+QgxSNjAuP1i8+k4LbQNrfoliKej0P45sivkSCh7yiD6ubHS3w==",
					"dev": true
				},
				"jest-matcher-utils": {
					"version": "22.4.3",
					"resolved": "https://registry.npmjs.org/jest-matcher-utils/-/jest-matcher-utils-22.4.3.tgz",
					"integrity": "sha512-lsEHVaTnKzdAPR5t4B6OcxXo9Vy4K+kRRbG5gtddY8lBEC+Mlpvm1CJcsMESRjzUhzkz568exMV1hTB76nAKbA==",
					"dev": true,
					"requires": {
						"chalk": "^2.0.1",
						"jest-get-type": "^22.4.3",
						"pretty-format": "^22.4.3"
					}
				},
				"pretty-format": {
					"version": "22.4.3",
					"resolved": "https://registry.npmjs.org/pretty-format/-/pretty-format-22.4.3.tgz",
					"integrity": "sha512-S4oT9/sT6MN7/3COoOy+ZJeA92VmOnveLHgrwBE3Z1W5N9S2A1QGNYiE1z75DAENbJrXXUb+OWXhpJcg05QKQQ==",
					"dev": true,
					"requires": {
						"ansi-regex": "^3.0.0",
						"ansi-styles": "^3.2.0"
					}
				}
			}
		},
		"jest-get-type": {
			"version": "24.9.0",
			"resolved": "https://registry.npmjs.org/jest-get-type/-/jest-get-type-24.9.0.tgz",
			"integrity": "sha512-lUseMzAley4LhIcpSP9Jf+fTrQ4a1yHQwLNeeVa2cEmbCGeoZAtYPOIv8JaxLD/sUpKxetKGP+gsHl8f8TSj8Q==",
			"dev": true
		},
		"jest-matcher-utils": {
			"version": "24.9.0",
			"resolved": "https://registry.npmjs.org/jest-matcher-utils/-/jest-matcher-utils-24.9.0.tgz",
			"integrity": "sha512-OZz2IXsu6eaiMAwe67c1T+5tUAtQyQx27/EMEkbFAGiw52tB9em+uGbzpcgYVpA8wl0hlxKPZxrly4CXU/GjHA==",
			"dev": true,
			"requires": {
				"chalk": "^2.0.1",
				"jest-diff": "^24.9.0",
				"jest-get-type": "^24.9.0",
				"pretty-format": "^24.9.0"
			}
		},
		"jest-message-util": {
			"version": "24.9.0",
			"resolved": "https://registry.npmjs.org/jest-message-util/-/jest-message-util-24.9.0.tgz",
			"integrity": "sha512-oCj8FiZ3U0hTP4aSui87P4L4jC37BtQwUMqk+zk/b11FR19BJDeZsZAvIHutWnmtw7r85UmR3CEWZ0HWU2mAlw==",
			"dev": true,
			"requires": {
				"@babel/code-frame": "^7.0.0",
				"@jest/test-result": "^24.9.0",
				"@jest/types": "^24.9.0",
				"@types/stack-utils": "^1.0.1",
				"chalk": "^2.0.1",
				"micromatch": "^3.1.10",
				"slash": "^2.0.0",
				"stack-utils": "^1.0.1"
			}
		},
		"jest-regex-util": {
			"version": "24.9.0",
			"resolved": "https://registry.npmjs.org/jest-regex-util/-/jest-regex-util-24.9.0.tgz",
			"integrity": "sha512-05Cmb6CuxaA+Ys6fjr3PhvV3bGQmO+2p2La4hFbU+W5uOc479f7FdLXUWXw4pYMAhhSZIuKHwSXSu6CsSBAXQA==",
			"dev": true
		},
		"js-tokens": {
			"version": "4.0.0",
			"resolved": "https://registry.npmjs.org/js-tokens/-/js-tokens-4.0.0.tgz",
			"integrity": "sha512-RdJUflcE3cUzKiMqQgsCu06FPu9UdIJO0beYbPhHN4k6apgJtifcoCtT9bcxOpYBtpD2kCM6Sbzg4CausW/PKQ==",
			"dev": true
		},
		"kind-of": {
			"version": "6.0.2",
			"resolved": "https://registry.npmjs.org/kind-of/-/kind-of-6.0.2.tgz",
			"integrity": "sha512-s5kLOcnH0XqDO+FvuaLX8DDjZ18CGFk7VygH40QoKPUQhW4e2rvM0rwUq0t8IQDOwYSeLK01U90OjzBTme2QqA==",
			"dev": true
		},
		"map-cache": {
			"version": "0.2.2",
			"resolved": "https://registry.npmjs.org/map-cache/-/map-cache-0.2.2.tgz",
			"integrity": "sha1-wyq9C9ZSXZsFFkW7TyasXcmKDb8=",
			"dev": true
		},
		"map-visit": {
			"version": "1.0.0",
			"resolved": "https://registry.npmjs.org/map-visit/-/map-visit-1.0.0.tgz",
			"integrity": "sha1-7Nyo8TFE5mDxtb1B8S80edmN+48=",
			"dev": true,
			"requires": {
				"object-visit": "^1.0.0"
			}
		},
		"micromatch": {
			"version": "3.1.10",
			"resolved": "https://registry.npmjs.org/micromatch/-/micromatch-3.1.10.tgz",
			"integrity": "sha512-MWikgl9n9M3w+bpsY3He8L+w9eF9338xRl8IAO5viDizwSzziFEyUzo2xrrloB64ADbTf8uA8vRqqttDTOmccg==",
			"dev": true,
			"requires": {
				"arr-diff": "^4.0.0",
				"array-unique": "^0.3.2",
				"braces": "^2.3.1",
				"define-property": "^2.0.2",
				"extend-shallow": "^3.0.2",
				"extglob": "^2.0.4",
				"fragment-cache": "^0.2.1",
				"kind-of": "^6.0.2",
				"nanomatch": "^1.2.9",
				"object.pick": "^1.3.0",
				"regex-not": "^1.0.0",
				"snapdragon": "^0.8.1",
				"to-regex": "^3.0.2"
			}
		},
		"mixin-deep": {
			"version": "1.3.2",
			"resolved": "https://registry.npmjs.org/mixin-deep/-/mixin-deep-1.3.2.tgz",
			"integrity": "sha512-WRoDn//mXBiJ1H40rqa3vH0toePwSsGb45iInWlTySa+Uu4k3tYUSxa2v1KqAiLtvlrSzaExqS1gtk96A9zvEA==",
			"dev": true,
			"requires": {
				"for-in": "^1.0.2",
				"is-extendable": "^1.0.1"
			},
			"dependencies": {
				"is-extendable": {
					"version": "1.0.1",
					"resolved": "https://registry.npmjs.org/is-extendable/-/is-extendable-1.0.1.tgz",
					"integrity": "sha512-arnXMxT1hhoKo9k1LZdmlNyJdDDfy2v0fXjFlmok4+i8ul/6WlbVge9bhM74OpNPQPMGUToDtz+KXa1PneJxOA==",
					"dev": true,
					"requires": {
						"is-plain-object": "^2.0.4"
					}
				}
			}
		},
		"nanomatch": {
			"version": "1.2.13",
			"resolved": "https://registry.npmjs.org/nanomatch/-/nanomatch-1.2.13.tgz",
			"integrity": "sha512-fpoe2T0RbHwBTBUOftAfBPaDEi06ufaUai0mE6Yn1kacc3SnTErfb/h+X94VXzI64rKFHYImXSvdwGGCmwOqCA==",
			"dev": true,
			"requires": {
				"arr-diff": "^4.0.0",
				"array-unique": "^0.3.2",
				"define-property": "^2.0.2",
				"extend-shallow": "^3.0.2",
				"fragment-cache": "^0.2.1",
				"is-windows": "^1.0.2",
				"kind-of": "^6.0.2",
				"object.pick": "^1.3.0",
				"regex-not": "^1.0.0",
				"snapdragon": "^0.8.1",
				"to-regex": "^3.0.1"
			}
		},
		"object-copy": {
			"version": "0.1.0",
			"resolved": "https://registry.npmjs.org/object-copy/-/object-copy-0.1.0.tgz",
			"integrity": "sha1-fn2Fi3gb18mRpBupde04EnVOmYw=",
			"dev": true,
			"requires": {
				"copy-descriptor": "^0.1.0",
				"define-property": "^0.2.5",
				"kind-of": "^3.0.3"
			},
			"dependencies": {
				"define-property": {
					"version": "0.2.5",
					"resolved": "https://registry.npmjs.org/define-property/-/define-property-0.2.5.tgz",
					"integrity": "sha1-w1se+RjsPJkPmlvFe+BKrOxcgRY=",
					"dev": true,
					"requires": {
						"is-descriptor": "^0.1.0"
					}
				},
				"kind-of": {
					"version": "3.2.2",
					"resolved": "https://registry.npmjs.org/kind-of/-/kind-of-3.2.2.tgz",
					"integrity": "sha1-MeohpzS6ubuw8yRm2JOupR5KPGQ=",
					"dev": true,
					"requires": {
						"is-buffer": "^1.1.5"
					}
				}
			}
		},
		"object-visit": {
			"version": "1.0.1",
			"resolved": "https://registry.npmjs.org/object-visit/-/object-visit-1.0.1.tgz",
			"integrity": "sha1-95xEk68MU3e1n+OdOV5BBC3QRbs=",
			"dev": true,
			"requires": {
				"isobject": "^3.0.0"
			}
		},
		"object.pick": {
			"version": "1.3.0",
			"resolved": "https://registry.npmjs.org/object.pick/-/object.pick-1.3.0.tgz",
			"integrity": "sha1-h6EKxMFpS9Lhy/U1kaZhQftd10c=",
			"dev": true,
			"requires": {
				"isobject": "^3.0.1"
			}
		},
		"pascalcase": {
			"version": "0.1.1",
			"resolved": "https://registry.npmjs.org/pascalcase/-/pascalcase-0.1.1.tgz",
			"integrity": "sha1-s2PlXoAGym/iF4TS2yK9FdeRfxQ=",
			"dev": true
		},
		"posix-character-classes": {
			"version": "0.1.1",
			"resolved": "https://registry.npmjs.org/posix-character-classes/-/posix-character-classes-0.1.1.tgz",
			"integrity": "sha1-AerA/jta9xoqbAL+q7jB/vfgDqs=",
			"dev": true
		},
		"pretty-format": {
			"version": "24.9.0",
			"resolved": "https://registry.npmjs.org/pretty-format/-/pretty-format-24.9.0.tgz",
			"integrity": "sha512-00ZMZUiHaJrNfk33guavqgvfJS30sLYf0f8+Srklv0AMPodGGHcoHgksZ3OThYnIvOd+8yMCn0YiEOogjlgsnA==",
			"dev": true,
			"requires": {
				"@jest/types": "^24.9.0",
				"ansi-regex": "^4.0.0",
				"ansi-styles": "^3.2.0",
				"react-is": "^16.8.4"
			},
			"dependencies": {
				"ansi-regex": {
					"version": "4.1.0",
					"resolved": "https://registry.npmjs.org/ansi-regex/-/ansi-regex-4.1.0.tgz",
					"integrity": "sha512-1apePfXM1UOSqw0o9IiFAovVz9M5S1Dg+4TrDwfMewQ6p/rmMueb7tWZjQ1rx4Loy1ArBggoqGpfqqdI4rondg==",
					"dev": true
				},
				"ansi-styles": {
					"version": "3.2.1",
					"resolved": "https://registry.npmjs.org/ansi-styles/-/ansi-styles-3.2.1.tgz",
					"integrity": "sha512-VT0ZI6kZRdTh8YyJw3SMbYm/u+NqfsAxEpWO0Pf9sq8/e94WxxOpPKx9FR1FlyCtOVDNOQ+8ntlqFxiRc+r5qA==",
					"dev": true,
					"requires": {
						"color-convert": "^1.9.0"
					}
				}
			}
		},
		"react-is": {
			"version": "16.12.0",
			"resolved": "https://registry.npmjs.org/react-is/-/react-is-16.12.0.tgz",
			"integrity": "sha512-rPCkf/mWBtKc97aLL9/txD8DZdemK0vkA3JMLShjlJB3Pj3s+lpf1KaBzMfQrAmhMQB0n1cU/SUGgKKBCe837Q==",
			"dev": true
		},
		"regex-not": {
			"version": "1.0.2",
			"resolved": "https://registry.npmjs.org/regex-not/-/regex-not-1.0.2.tgz",
			"integrity": "sha512-J6SDjUgDxQj5NusnOtdFxDwN/+HWykR8GELwctJ7mdqhcyy1xEc4SRFHUXvxTp661YaVKAjfRLZ9cCqS6tn32A==",
			"dev": true,
			"requires": {
				"extend-shallow": "^3.0.2",
				"safe-regex": "^1.1.0"
			}
		},
		"repeat-element": {
			"version": "1.1.3",
			"resolved": "https://registry.npmjs.org/repeat-element/-/repeat-element-1.1.3.tgz",
			"integrity": "sha512-ahGq0ZnV5m5XtZLMb+vP76kcAM5nkLqk0lpqAuojSKGgQtn4eRi4ZZGm2olo2zKFH+sMsWaqOCW1dqAnOru72g==",
			"dev": true
		},
		"repeat-string": {
			"version": "1.6.1",
			"resolved": "https://registry.npmjs.org/repeat-string/-/repeat-string-1.6.1.tgz",
			"integrity": "sha1-jcrkcOHIirwtYA//Sndihtp15jc=",
			"dev": true
		},
		"resolve-url": {
			"version": "0.2.1",
			"resolved": "https://registry.npmjs.org/resolve-url/-/resolve-url-0.2.1.tgz",
			"integrity": "sha1-LGN/53yJOv0qZj/iGqkIAGjiBSo=",
			"dev": true
		},
		"ret": {
			"version": "0.1.15",
			"resolved": "https://registry.npmjs.org/ret/-/ret-0.1.15.tgz",
			"integrity": "sha512-TTlYpa+OL+vMMNG24xSlQGEJ3B/RzEfUlLct7b5G/ytav+wPrplCpVMFuwzXbkecJrb6IYo1iFb0S9v37754mg==",
			"dev": true
		},
		"safe-regex": {
			"version": "1.1.0",
			"resolved": "https://registry.npmjs.org/safe-regex/-/safe-regex-1.1.0.tgz",
			"integrity": "sha1-QKNmnzsHfR6UPURinhV91IAjvy4=",
			"dev": true,
			"requires": {
				"ret": "~0.1.10"
			}
		},
		"set-value": {
			"version": "2.0.1",
			"resolved": "https://registry.npmjs.org/set-value/-/set-value-2.0.1.tgz",
			"integrity": "sha512-JxHc1weCN68wRY0fhCoXpyK55m/XPHafOmK4UWD7m2CI14GMcFypt4w/0+NV5f/ZMby2F6S2wwA7fgynh9gWSw==",
			"dev": true,
			"requires": {
				"extend-shallow": "^2.0.1",
				"is-extendable": "^0.1.1",
				"is-plain-object": "^2.0.3",
				"split-string": "^3.0.1"
			},
			"dependencies": {
				"extend-shallow": {
					"version": "2.0.1",
					"resolved": "https://registry.npmjs.org/extend-shallow/-/extend-shallow-2.0.1.tgz",
					"integrity": "sha1-Ua99YUrZqfYQ6huvu5idaxxWiQ8=",
					"dev": true,
					"requires": {
						"is-extendable": "^0.1.0"
					}
				}
			}
		},
		"slash": {
			"version": "2.0.0",
			"resolved": "https://registry.npmjs.org/slash/-/slash-2.0.0.tgz",
			"integrity": "sha512-ZYKh3Wh2z1PpEXWr0MpSBZ0V6mZHAQfYevttO11c51CaWjGTaadiKZ+wVt1PbMlDV5qhMFslpZCemhwOK7C89A==",
			"dev": true
		},
		"snapdragon": {
			"version": "0.8.2",
			"resolved": "https://registry.npmjs.org/snapdragon/-/snapdragon-0.8.2.tgz",
			"integrity": "sha512-FtyOnWN/wCHTVXOMwvSv26d+ko5vWlIDD6zoUJ7LW8vh+ZBC8QdljveRP+crNrtBwioEUWy/4dMtbBjA4ioNlg==",
			"dev": true,
			"requires": {
				"base": "^0.11.1",
				"debug": "^2.2.0",
				"define-property": "^0.2.5",
				"extend-shallow": "^2.0.1",
				"map-cache": "^0.2.2",
				"source-map": "^0.5.6",
				"source-map-resolve": "^0.5.0",
				"use": "^3.1.0"
			},
			"dependencies": {
				"debug": {
					"version": "2.6.9",
					"resolved": "https://registry.npmjs.org/debug/-/debug-2.6.9.tgz",
					"integrity": "sha512-bC7ElrdJaJnPbAP+1EotYvqZsb3ecl5wi6Bfi6BJTUcNowp6cvspg0jXznRTKDjm/E7AdgFBVeAPVMNcKGsHMA==",
					"dev": true,
					"requires": {
						"ms": "2.0.0"
					}
				},
				"define-property": {
					"version": "0.2.5",
					"resolved": "https://registry.npmjs.org/define-property/-/define-property-0.2.5.tgz",
					"integrity": "sha1-w1se+RjsPJkPmlvFe+BKrOxcgRY=",
					"dev": true,
					"requires": {
						"is-descriptor": "^0.1.0"
					}
				},
				"extend-shallow": {
					"version": "2.0.1",
					"resolved": "https://registry.npmjs.org/extend-shallow/-/extend-shallow-2.0.1.tgz",
					"integrity": "sha1-Ua99YUrZqfYQ6huvu5idaxxWiQ8=",
					"dev": true,
					"requires": {
						"is-extendable": "^0.1.0"
					}
				},
				"ms": {
					"version": "2.0.0",
					"resolved": "https://registry.npmjs.org/ms/-/ms-2.0.0.tgz",
					"integrity": "sha1-VgiurfwAvmwpAd9fmGF4jeDVl8g=",
					"dev": true
				}
			}
		},
		"snapdragon-node": {
			"version": "2.1.1",
			"resolved": "https://registry.npmjs.org/snapdragon-node/-/snapdragon-node-2.1.1.tgz",
			"integrity": "sha512-O27l4xaMYt/RSQ5TR3vpWCAB5Kb/czIcqUFOM/C4fYcLnbZUc1PkjTAMjof2pBWaSTwOUd6qUHcFGVGj7aIwnw==",
			"dev": true,
			"requires": {
				"define-property": "^1.0.0",
				"isobject": "^3.0.0",
				"snapdragon-util": "^3.0.1"
			},
			"dependencies": {
				"define-property": {
					"version": "1.0.0",
					"resolved": "https://registry.npmjs.org/define-property/-/define-property-1.0.0.tgz",
					"integrity": "sha1-dp66rz9KY6rTr56NMEybvnm/sOY=",
					"dev": true,
					"requires": {
						"is-descriptor": "^1.0.0"
					}
				},
				"is-accessor-descriptor": {
					"version": "1.0.0",
					"resolved": "https://registry.npmjs.org/is-accessor-descriptor/-/is-accessor-descriptor-1.0.0.tgz",
					"integrity": "sha512-m5hnHTkcVsPfqx3AKlyttIPb7J+XykHvJP2B9bZDjlhLIoEq4XoK64Vg7boZlVWYK6LUY94dYPEE7Lh0ZkZKcQ==",
					"dev": true,
					"requires": {
						"kind-of": "^6.0.0"
					}
				},
				"is-data-descriptor": {
					"version": "1.0.0",
					"resolved": "https://registry.npmjs.org/is-data-descriptor/-/is-data-descriptor-1.0.0.tgz",
					"integrity": "sha512-jbRXy1FmtAoCjQkVmIVYwuuqDFUbaOeDjmed1tOGPrsMhtJA4rD9tkgA0F1qJ3gRFRXcHYVkdeaP50Q5rE/jLQ==",
					"dev": true,
					"requires": {
						"kind-of": "^6.0.0"
					}
				},
				"is-descriptor": {
					"version": "1.0.2",
					"resolved": "https://registry.npmjs.org/is-descriptor/-/is-descriptor-1.0.2.tgz",
					"integrity": "sha512-2eis5WqQGV7peooDyLmNEPUrps9+SXX5c9pL3xEB+4e9HnGuDa7mB7kHxHw4CbqS9k1T2hOH3miL8n8WtiYVtg==",
					"dev": true,
					"requires": {
						"is-accessor-descriptor": "^1.0.0",
						"is-data-descriptor": "^1.0.0",
						"kind-of": "^6.0.2"
					}
				}
			}
		},
		"snapdragon-util": {
			"version": "3.0.1",
			"resolved": "https://registry.npmjs.org/snapdragon-util/-/snapdragon-util-3.0.1.tgz",
			"integrity": "sha512-mbKkMdQKsjX4BAL4bRYTj21edOf8cN7XHdYUJEe+Zn99hVEYcMvKPct1IqNe7+AZPirn8BCDOQBHQZknqmKlZQ==",
			"dev": true,
			"requires": {
				"kind-of": "^3.2.0"
			},
			"dependencies": {
				"kind-of": {
					"version": "3.2.2",
					"resolved": "https://registry.npmjs.org/kind-of/-/kind-of-3.2.2.tgz",
					"integrity": "sha1-MeohpzS6ubuw8yRm2JOupR5KPGQ=",
					"dev": true,
					"requires": {
						"is-buffer": "^1.1.5"
					}
				}
			}
		},
		"source-map": {
			"version": "0.5.7",
			"resolved": "https://registry.npmjs.org/source-map/-/source-map-0.5.7.tgz",
			"integrity": "sha1-igOdLRAh0i0eoUyA2OpGi6LvP8w=",
			"dev": true
		},
		"source-map-resolve": {
			"version": "0.5.3",
			"resolved": "https://registry.npmjs.org/source-map-resolve/-/source-map-resolve-0.5.3.tgz",
			"integrity": "sha512-Htz+RnsXWk5+P2slx5Jh3Q66vhQj1Cllm0zvnaY98+NFx+Dv2CF/f5O/t8x+KaNdrdIAsruNzoh/KpialbqAnw==",
			"dev": true,
			"requires": {
				"atob": "^2.1.2",
				"decode-uri-component": "^0.2.0",
				"resolve-url": "^0.2.1",
				"source-map-url": "^0.4.0",
				"urix": "^0.1.0"
			}
		},
		"source-map-url": {
			"version": "0.4.0",
			"resolved": "https://registry.npmjs.org/source-map-url/-/source-map-url-0.4.0.tgz",
			"integrity": "sha1-PpNdfd1zYxuXZZlW1VEo6HtQhKM=",
			"dev": true
		},
		"split-string": {
			"version": "3.1.0",
			"resolved": "https://registry.npmjs.org/split-string/-/split-string-3.1.0.tgz",
			"integrity": "sha512-NzNVhJDYpwceVVii8/Hu6DKfD2G+NrQHlS/V/qgv763EYudVwEcMQNxd2lh+0VrUByXN/oJkl5grOhYWvQUYiw==",
			"dev": true,
			"requires": {
				"extend-shallow": "^3.0.0"
			}
		},
		"stack-utils": {
			"version": "1.0.2",
			"resolved": "https://registry.npmjs.org/stack-utils/-/stack-utils-1.0.2.tgz",
			"integrity": "sha512-MTX+MeG5U994cazkjd/9KNAapsHnibjMLnfXodlkXw76JEea0UiNzrqidzo1emMwk7w5Qhc9jd4Bn9TBb1MFwA==",
			"dev": true
		},
		"static-extend": {
			"version": "0.1.2",
			"resolved": "https://registry.npmjs.org/static-extend/-/static-extend-0.1.2.tgz",
			"integrity": "sha1-YICcOcv/VTNyJv1eC1IPNB8ftcY=",
			"dev": true,
			"requires": {
				"define-property": "^0.2.5",
				"object-copy": "^0.1.0"
			},
			"dependencies": {
				"define-property": {
					"version": "0.2.5",
					"resolved": "https://registry.npmjs.org/define-property/-/define-property-0.2.5.tgz",
					"integrity": "sha1-w1se+RjsPJkPmlvFe+BKrOxcgRY=",
					"dev": true,
					"requires": {
						"is-descriptor": "^0.1.0"
					}
				}
			}
		},
		"supports-color": {
			"version": "5.5.0",
			"resolved": "https://registry.npmjs.org/supports-color/-/supports-color-5.5.0.tgz",
			"integrity": "sha512-QjVjwdXIt408MIiAqCX4oUKsgU2EqAGzs2Ppkm4aQYbjm+ZEWEcW4SfFNTr4uMNZma0ey4f5lgLrkB0aX0QMow==",
			"dev": true,
			"requires": {
				"has-flag": "^3.0.0"
			}
		},
		"to-object-path": {
			"version": "0.3.0",
			"resolved": "https://registry.npmjs.org/to-object-path/-/to-object-path-0.3.0.tgz",
			"integrity": "sha1-KXWIt7Dn4KwI4E5nL4XB9JmeF68=",
			"dev": true,
			"requires": {
				"kind-of": "^3.0.2"
			},
			"dependencies": {
				"kind-of": {
					"version": "3.2.2",
					"resolved": "https://registry.npmjs.org/kind-of/-/kind-of-3.2.2.tgz",
					"integrity": "sha1-MeohpzS6ubuw8yRm2JOupR5KPGQ=",
					"dev": true,
					"requires": {
						"is-buffer": "^1.1.5"
					}
				}
			}
		},
		"to-regex": {
			"version": "3.0.2",
			"resolved": "https://registry.npmjs.org/to-regex/-/to-regex-3.0.2.tgz",
			"integrity": "sha512-FWtleNAtZ/Ki2qtqej2CXTOayOH9bHDQF+Q48VpWyDXjbYxA4Yz8iDB31zXOBUlOHHKidDbqGVrTUvQMPmBGBw==",
			"dev": true,
			"requires": {
				"define-property": "^2.0.2",
				"extend-shallow": "^3.0.2",
				"regex-not": "^1.0.2",
				"safe-regex": "^1.1.0"
			}
		},
		"to-regex-range": {
			"version": "2.1.1",
			"resolved": "https://registry.npmjs.org/to-regex-range/-/to-regex-range-2.1.1.tgz",
			"integrity": "sha1-fIDBe53+vlmeJzZ+DU3VWQFB2zg=",
			"dev": true,
			"requires": {
				"is-number": "^3.0.0",
				"repeat-string": "^1.6.1"
			}
		},
		"union-value": {
			"version": "1.0.1",
			"resolved": "https://registry.npmjs.org/union-value/-/union-value-1.0.1.tgz",
			"integrity": "sha512-tJfXmxMeWYnczCVs7XAEvIV7ieppALdyepWMkHkwciRpZraG/xwT+s2JN8+pr1+8jCRf80FFzvr+MpQeeoF4Xg==",
			"dev": true,
			"requires": {
				"arr-union": "^3.1.0",
				"get-value": "^2.0.6",
				"is-extendable": "^0.1.1",
				"set-value": "^2.0.1"
			}
		},
		"unset-value": {
			"version": "1.0.0",
			"resolved": "https://registry.npmjs.org/unset-value/-/unset-value-1.0.0.tgz",
			"integrity": "sha1-g3aHP30jNRef+x5vw6jtDfyKtVk=",
			"dev": true,
			"requires": {
				"has-value": "^0.3.1",
				"isobject": "^3.0.0"
			},
			"dependencies": {
				"has-value": {
					"version": "0.3.1",
					"resolved": "https://registry.npmjs.org/has-value/-/has-value-0.3.1.tgz",
					"integrity": "sha1-ex9YutpiyoJ+wKIHgCVlSEWZXh8=",
					"dev": true,
					"requires": {
						"get-value": "^2.0.3",
						"has-values": "^0.1.4",
						"isobject": "^2.0.0"
					},
					"dependencies": {
						"isobject": {
							"version": "2.1.0",
							"resolved": "https://registry.npmjs.org/isobject/-/isobject-2.1.0.tgz",
							"integrity": "sha1-8GVWEJaj8dou9GJy+BXIQNh+DIk=",
							"dev": true,
							"requires": {
								"isarray": "1.0.0"
							}
						}
					}
				},
				"has-values": {
					"version": "0.1.4",
					"resolved": "https://registry.npmjs.org/has-values/-/has-values-0.1.4.tgz",
					"integrity": "sha1-bWHeldkd/Km5oCCJrThL/49it3E=",
					"dev": true
				}
			}
		},
		"urix": {
			"version": "0.1.0",
			"resolved": "https://registry.npmjs.org/urix/-/urix-0.1.0.tgz",
			"integrity": "sha1-2pN/emLiH+wf0Y1Js1wpNQZ6bHI=",
			"dev": true
		},
		"use": {
			"version": "3.1.1",
			"resolved": "https://registry.npmjs.org/use/-/use-3.1.1.tgz",
			"integrity": "sha512-cwESVXlO3url9YWlFW/TA9cshCEhtu7IKJ/p5soJ/gGpj7vbvFrAY/eIioQ6Dw23KjZhYgiIo8HOs1nQ2vr/oQ==",
			"dev": true
		}
	}
}
