{
	"name": "@liskhq/lisk-transaction-pool",
	"version": "0.1.0-alpha.0",
	"lockfileVersion": 1,
	"requires": true,
	"dependencies": {
		"@types/sinon-chai": {
			"version": "3.2.1",
			"resolved": "https://registry.npmjs.org/@types/sinon-chai/-/sinon-chai-3.2.1.tgz",
			"integrity": "sha512-6iO999tZP+1cixtz4jGaVS/aKRq2GYvFUhJzHWejYVUfTP0O98mGb0WrCaC9ARZVKfkm2FZrn3c0p3iaHfK+6A==",
			"dev": true,
			"requires": {
				"@types/chai": "*",
				"@types/sinon": "*"
			},
			"dependencies": {
				"@types/chai": {
					"version": "4.1.7",
					"resolved": "https://registry.npmjs.org/@types/chai/-/chai-4.1.7.tgz",
					"integrity": "sha512-2Y8uPt0/jwjhQ6EiluT0XCri1Dbplr0ZxfFXUz+ye13gaqE8u5gL5ppao1JrUYr9cIip5S6MvQzBS7Kke7U9VA==",
					"dev": true
				},
				"@types/sinon": {
					"version": "7.0.6",
					"resolved": "https://registry.npmjs.org/@types/sinon/-/sinon-7.0.6.tgz",
					"integrity": "sha512-ldQl2p7kyCXHhr//5sQCu9jWgSiDbYuCD5dUp53r/z8T8jmgKpANpy4vqjbdho9P2ldFaQC/gpW31hch+oQ0IQ==",
					"dev": true
				}
			}
		}
	}
}
