{
	"name": "@liskhq/lisk-blockchain",
	"version": "0.1.0",
	"lockfileVersion": 1,
	"requires": true,
	"dependencies": {
		"@types/debug": {
			"version": "4.1.2",
			"resolved": "https://registry.npmjs.org/@types/debug/-/debug-4.1.2.tgz",
			"integrity": "sha512-jkf6UiWUjcOqdQbatbvOm54/YbCdjt3JjiAzT/9KS2XtMmOkYHdKsI5u8fulhbuTUuiqNBfa6J5GSDiwjK+zLA=="
		},
		"@types/lodash": {
			"version": "4.14.121",
			"resolved": "https://registry.npmjs.org/@types/lodash/-/lodash-4.14.121.tgz",
			"integrity": "sha512-ORj7IBWj13iYufXt/VXrCNMbUuCTJfhzme5kx9U/UtcIPdJYuvPDUAlHlbNhz/8lKCLy9XGIZnGrqXOtQbPGoQ=="
		},
		"@types/lodash.clonedeep": {
			"version": "4.5.5",
			"resolved": "https://registry.npmjs.org/@types/lodash.clonedeep/-/lodash.clonedeep-4.5.5.tgz",
			"integrity": "sha512-TBEia6gB1KDpKcxldeLlacbTrNDZcRh5wIPRG98yWrzF8ItyZGr5qQSsWbIBPnzhngBqYnwNvvImzSDuBRig2w==",
			"requires": {
				"@types/lodash": "*"
			}
		},
		"assert-plus": {
			"version": "1.0.0",
			"resolved": "https://registry.npmjs.org/assert-plus/-/assert-plus-1.0.0.tgz",
			"integrity": "sha1-8S4PPF13sLHN2RRpQuTpbB5N1SU="
		},
		"browserify-bignum": {
			"version": "1.3.0-2",
			"resolved": "https://registry.npmjs.org/browserify-bignum/-/browserify-bignum-1.3.0-2.tgz",
			"integrity": "sha1-3cO27WB/1slglmlQ4rNaKwxvub8="
		},
		"core-util-is": {
			"version": "1.0.2",
			"resolved": "https://registry.npmjs.org/core-util-is/-/core-util-is-1.0.2.tgz",
			"integrity": "sha1-tf1UIgqivFq1eqtxQMlAdUUDwac="
		},
		"debug": {
			"version": "4.1.1",
			"resolved": "https://registry.npmjs.org/debug/-/debug-4.1.1.tgz",
			"integrity": "sha512-pYAIzeRo8J6KPEaJ0VWOh5Pzkbw/RetuzehGM7QRRX5he4fPHx2rdKMB256ehJCkX+XRQm16eZLqLNS8RSZXZw==",
			"requires": {
				"ms": "^2.1.1"
			}
		},
		"extsprintf": {
			"version": "1.4.0",
			"resolved": "https://registry.npmjs.org/extsprintf/-/extsprintf-1.4.0.tgz",
			"integrity": "sha1-4mifjzVvrWLMplo6kcXfX5VRaS8="
		},
		"lodash.clonedeep": {
			"version": "4.5.0",
			"resolved": "https://registry.npmjs.org/lodash.clonedeep/-/lodash.clonedeep-4.5.0.tgz",
			"integrity": "sha1-4j8/nE+Pvd6HJSnBBxhXoIblzO8="
		},
		"ms": {
			"version": "2.1.1",
			"resolved": "https://registry.npmjs.org/ms/-/ms-2.1.1.tgz",
			"integrity": "sha512-tgp+dl5cGk28utYktBsrFqA7HKgrhgPsg6Z/EfhWI4gl1Hwq8B/GmY/0oXZ6nF8hDVesS/FpnYaD/kOWhYQvyg=="
		},
		"verror": {
			"version": "1.10.0",
			"resolved": "https://registry.npmjs.org/verror/-/verror-1.10.0.tgz",
			"integrity": "sha1-OhBcoXBTr1XW4nDB+CiGguGNpAA=",
			"requires": {
				"assert-plus": "^1.0.0",
				"core-util-is": "1.0.2",
				"extsprintf": "^1.2.0"
			}
		}
	}
}
