{
	"name": "@liskhq/lisk-transaction-pool",
	"version": "0.2.0-alpha.0",
	"lockfileVersion": 1,
	"requires": true,
	"dependencies": {
		"@types/node": {
			"version": "12.12.14",
			"resolved": "https://registry.npmjs.org/@types/node/-/node-12.12.14.tgz",
			"integrity": "sha512-u/SJDyXwuihpwjXy7hOOghagLEV1KdAST6syfnOk6QZAMzZuWZqXy5aYYZbh8Jdpd4escVFP0MvftHNDb9pruA==",
			"dev": true
		}
	}
}
