{
	"name": "lisk-sdk",
	"version": "2.3.0-alpha.0",
	"lockfileVersion": 1,
	"requires": true,
	"dependencies": {
		"@liskhq/bignum": {
			"version": "1.3.1",
			"resolved": "https://registry.npmjs.org/@liskhq/bignum/-/bignum-1.3.1.tgz",
			"integrity": "sha512-q9+NvqbpmXOqpPmV8Y+XSEIUJFMZDGyfW6rkN9Ej3nzPb/qurY/Ic2UPTeTTaj8+q/bcw5JUwTb86hi7PIziDg==",
			"requires": {
				"@types/node": "11.11.2"
			},
			"dependencies": {
				"@types/node": {
					"version": "11.11.2",
					"resolved": "https://registry.npmjs.org/@types/node/-/node-11.11.2.tgz",
					"integrity": "sha512-iEaHiDNkHv4Jrm9O5T37OYEUwjJesiyt6ZlhLFK0sbo4CLD0jyCOB4Pc2F9iD3MbW2397SLNxZKdDGntGaBjQQ=="
				}
			}
		},
		"@liskhq/lisk-cryptography": {
			"version": "2.2.0",
			"resolved": "https://registry.npmjs.org/@liskhq/lisk-cryptography/-/lisk-cryptography-2.2.0.tgz",
			"integrity": "sha512-nmnnmB8qnwlklSYzXlf3S7Mk7n/FHNjyfan+AjKTxMWRafFmtfw9qVUJq1lUl77XMGt0HBBwhZCr+h9xzxfdkA==",
			"requires": {
				"@liskhq/bignum": "1.3.1",
				"@types/ed2curve": "0.2.2",
				"@types/node": "10.12.21",
				"buffer-reverse": "1.0.1",
				"ed2curve": "0.2.1",
				"sodium-native": "2.2.1",
				"tweetnacl": "1.0.1",
				"varuint-bitcoin": "1.1.0"
			}
		},
		"@types/ed2curve": {
			"version": "0.2.2",
			"resolved": "https://registry.npmjs.org/@types/ed2curve/-/ed2curve-0.2.2.tgz",
			"integrity": "sha512-G1sTX5xo91ydevQPINbL2nfgVAj/s1ZiqZxC8OCWduwu+edoNGUm5JXtTkg9F3LsBZbRI46/0HES4CPUE2wc9g==",
			"requires": {
				"tweetnacl": "^1.0.0"
			}
		},
		"@types/node": {
			"version": "10.12.21",
			"resolved": "https://registry.npmjs.org/@types/node/-/node-10.12.21.tgz",
			"integrity": "sha512-CBgLNk4o3XMnqMc0rhb6lc77IwShMEglz05deDcn2lQxyXEZivfwgYJu7SMha9V5XcrP6qZuevTHV/QrN2vjKQ=="
		},
		"buffer-reverse": {
			"version": "1.0.1",
			"resolved": "https://registry.npmjs.org/buffer-reverse/-/buffer-reverse-1.0.1.tgz",
			"integrity": "sha1-SSg8jvpvkBvAH6MwTQYCeXGuL2A="
		},
		"ed2curve": {
			"version": "0.2.1",
			"resolved": "https://registry.npmjs.org/ed2curve/-/ed2curve-0.2.1.tgz",
			"integrity": "sha1-Iuaqo1aePE2/Tu+ilhLsMp5YGQw=",
			"requires": {
				"tweetnacl": "0.x.x"
			},
			"dependencies": {
				"tweetnacl": {
					"version": "0.14.5",
					"resolved": "https://registry.npmjs.org/tweetnacl/-/tweetnacl-0.14.5.tgz",
					"integrity": "sha1-WuaBd/GS1EViadEIr6k/+HQ/T2Q="
				}
			}
		},
		"ini": {
			"version": "1.3.5",
			"resolved": "https://registry.npmjs.org/ini/-/ini-1.3.5.tgz",
			"integrity": "sha512-RZY5huIKCMRWDUqZlEi72f/lmXKMvuszcMBduliQ3nnWbx9X/ZBQO7DijMEYS9EhHBb2qacRUMtC7svLwe0lcw==",
			"optional": true
		},
		"nan": {
			"version": "2.14.0",
			"resolved": "https://registry.npmjs.org/nan/-/nan-2.14.0.tgz",
			"integrity": "sha512-INOFj37C7k3AfaNTtX8RhsTw7qRy7eLET14cROi9+5HAVbbHuIWUHEauBv5qT4Av2tWasiTY1Jw6puUNqRJXQg==",
			"optional": true
		},
		"node-gyp-build": {
			"version": "3.9.0",
			"resolved": "https://registry.npmjs.org/node-gyp-build/-/node-gyp-build-3.9.0.tgz",
			"integrity": "sha512-zLcTg6P4AbcHPq465ZMFNXx7XpKKJh+7kkN699NiQWisR2uWYOWNWqRHAmbnmKiL4e9aLSlmy5U7rEMUXV59+A==",
			"optional": true
		},
		"safe-buffer": {
			"version": "5.2.0",
			"resolved": "https://registry.npmjs.org/safe-buffer/-/safe-buffer-5.2.0.tgz",
			"integrity": "sha512-fZEwUGbVl7kouZs1jCdMLdt95hdIv0ZeHg6L7qPeciMZhZ+/gdesW4wgTARkrFWEpspjEATAzUGPG8N2jJiwbg=="
		},
		"sodium-native": {
			"version": "2.2.1",
			"resolved": "https://registry.npmjs.org/sodium-native/-/sodium-native-2.2.1.tgz",
			"integrity": "sha512-3CfftYV2ATXQFMIkLOvcNUk/Ma+lran0855j5Z/HEjUkSTzjLZi16CK362udOoNVrwn/TwGV8bKEt5OylsFrQA==",
			"optional": true,
			"requires": {
				"ini": "^1.3.5",
				"nan": "^2.4.0",
				"node-gyp-build": "^3.0.0"
			}
		},
		"tweetnacl": {
			"version": "1.0.1",
			"resolved": "https://registry.npmjs.org/tweetnacl/-/tweetnacl-1.0.1.tgz",
			"integrity": "sha512-kcoMoKTPYnoeS50tzoqjPY3Uv9axeuuFAZY9M/9zFnhoVvRfxz9K29IMPD7jGmt2c8SW7i3gT9WqDl2+nV7p4A=="
		},
		"varuint-bitcoin": {
			"version": "1.1.0",
			"resolved": "https://registry.npmjs.org/varuint-bitcoin/-/varuint-bitcoin-1.1.0.tgz",
			"integrity": "sha512-jCEPG+COU/1Rp84neKTyDJQr478/hAfVp5xxYn09QEH0yBjbmPeMfuuQIrp+BUD83hybtYZKhr5elV3bvdV1bA==",
			"requires": {
				"safe-buffer": "^5.1.1"
			}
		}
	}
}
